// !$*UTF8*$!
{
	archiveVersion = 1;
	classes = {
	};
	objectVersion = 50;
	objects = {

/* Begin PBXBuildFile section */
		18BF08AD20CC1F6C005EEC0F /* AppDelegate.swift in Sources */ = {isa = PBXBuildFile; fileRef = 18BF08AC20CC1F6C005EEC0F /* AppDelegate.swift */; };
		18BF08B420CC1F6E005EEC0F /* Assets.xcassets in Resources */ = {isa = PBXBuildFile; fileRef = 18BF08B320CC1F6E005EEC0F /* Assets.xcassets */; };
		18BF08B720CC1F6E005EEC0F /* LaunchScreen.storyboard in Resources */ = {isa = PBXBuildFile; fileRef = 18BF08B520CC1F6E005EEC0F /* LaunchScreen.storyboard */; };
		18BF08C220CC1F6E005EEC0F /* TestAssessmentTests.swift in Sources */ = {isa = PBXBuildFile; fileRef = 18BF08C120CC1F6E005EEC0F /* TestAssessmentTests.swift */; };
		18BF08CD20CC1F6E005EEC0F /* TestAssessmentUITests.swift in Sources */ = {isa = PBXBuildFile; fileRef = 18BF08CC20CC1F6E005EEC0F /* TestAssessmentUITests.swift */; };
		18BF08DB20CC23BD005EEC0F /* ListTableViewController.swift in Sources */ = {isa = PBXBuildFile; fileRef = 18BF08DA20CC23BD005EEC0F /* ListTableViewController.swift */; };
		18BF08DD20CC2B20005EEC0F /* ListTableViewCell.swift in Sources */ = {isa = PBXBuildFile; fileRef = 18BF08DC20CC2B20005EEC0F /* ListTableViewCell.swift */; };
		18BF08DF20CCCE5B005EEC0F /* APIClient.swift in Sources */ = {isa = PBXBuildFile; fileRef = 18BF08DE20CCCE5B005EEC0F /* APIClient.swift */; };
		18BF08E120CCCF24005EEC0F /* Constants.swift in Sources */ = {isa = PBXBuildFile; fileRef = 18BF08E020CCCF24005EEC0F /* Constants.swift */; };
		18BF08E320CCCF83005EEC0F /* ListModel.swift in Sources */ = {isa = PBXBuildFile; fileRef = 18BF08E220CCCF83005EEC0F /* ListModel.swift */; };
		18BF08E520CCCF9E005EEC0F /* ListViewModel.swift in Sources */ = {isa = PBXBuildFile; fileRef = 18BF08E420CCCF9E005EEC0F /* ListViewModel.swift */; };
		18BF08E920CCD6FF005EEC0F /* Reachability.swift in Sources */ = {isa = PBXBuildFile; fileRef = 18BF08E820CCD6FF005EEC0F /* Reachability.swift */; };
		534F6E2F097D9A806182E421 /* Pods_TestAssessment.framework in Frameworks */ = {isa = PBXBuildFile; fileRef = C3AB7BC1B98A295B838F99DF /* Pods_TestAssessment.framework */; };
		5B19DA333742FAF1C3AC5764 /* Pods_TestAssessmentUITests.framework in Frameworks */ = {isa = PBXBuildFile; fileRef = A209E9ECFD36EA60BEC924B8 /* Pods_TestAssessmentUITests.framework */; };
		63503094276415FC1436DC34 /* Pods_TestAssessmentTests.framework in Frameworks */ = {isa = PBXBuildFile; fileRef = ABC3C1884AB792541A824D68 /* Pods_TestAssessmentTests.framework */; };
/* End PBXBuildFile section */

/* Begin PBXContainerItemProxy section */
		18BF08BE20CC1F6E005EEC0F /* PBXContainerItemProxy */ = {
			isa = PBXContainerItemProxy;
			containerPortal = 18BF08A120CC1F6C005EEC0F /* Project object */;
			proxyType = 1;
			remoteGlobalIDString = 18BF08A820CC1F6C005EEC0F;
			remoteInfo = TestAssessment;
		};
		18BF08C920CC1F6E005EEC0F /* PBXContainerItemProxy */ = {
			isa = PBXContainerItemProxy;
			containerPortal = 18BF08A120CC1F6C005EEC0F /* Project object */;
			proxyType = 1;
			remoteGlobalIDString = 18BF08A820CC1F6C005EEC0F;
			remoteInfo = TestAssessment;
		};
/* End PBXContainerItemProxy section */

/* Begin PBXFileReference section */
		13EEB0AB95E8191D789388DD /* Pods-TestAssessmentUITests.debug.xcconfig */ = {isa = PBXFileReference; includeInIndex = 1; lastKnownFileType = text.xcconfig; name = "Pods-TestAssessmentUITests.debug.xcconfig"; path = "Pods/Target Support Files/Pods-TestAssessmentUITests/Pods-TestAssessmentUITests.debug.xcconfig"; sourceTree = "<group>"; };
		18BF08A920CC1F6C005EEC0F /* TestAssessment.app */ = {isa = PBXFileReference; explicitFileType = wrapper.application; includeInIndex = 0; path = TestAssessment.app; sourceTree = BUILT_PRODUCTS_DIR; };
		18BF08AC20CC1F6C005EEC0F /* AppDelegate.swift */ = {isa = PBXFileReference; lastKnownFileType = sourcecode.swift; path = AppDelegate.swift; sourceTree = "<group>"; };
		18BF08B320CC1F6E005EEC0F /* Assets.xcassets */ = {isa = PBXFileReference; lastKnownFileType = folder.assetcatalog; path = Assets.xcassets; sourceTree = "<group>"; };
		18BF08B620CC1F6E005EEC0F /* Base */ = {isa = PBXFileReference; lastKnownFileType = file.storyboard; name = Base; path = Base.lproj/LaunchScreen.storyboard; sourceTree = "<group>"; };
		18BF08BD20CC1F6E005EEC0F /* TestAssessmentTests.xctest */ = {isa = PBXFileReference; explicitFileType = wrapper.cfbundle; includeInIndex = 0; path = TestAssessmentTests.xctest; sourceTree = BUILT_PRODUCTS_DIR; };
		18BF08C120CC1F6E005EEC0F /* TestAssessmentTests.swift */ = {isa = PBXFileReference; lastKnownFileType = sourcecode.swift; path = TestAssessmentTests.swift; sourceTree = "<group>"; };
		18BF08C320CC1F6E005EEC0F /* Info.plist */ = {isa = PBXFileReference; lastKnownFileType = text.plist.xml; path = Info.plist; sourceTree = "<group>"; };
		18BF08C820CC1F6E005EEC0F /* TestAssessmentUITests.xctest */ = {isa = PBXFileReference; explicitFileType = wrapper.cfbundle; includeInIndex = 0; path = TestAssessmentUITests.xctest; sourceTree = BUILT_PRODUCTS_DIR; };
		18BF08CC20CC1F6E005EEC0F /* TestAssessmentUITests.swift */ = {isa = PBXFileReference; lastKnownFileType = sourcecode.swift; path = TestAssessmentUITests.swift; sourceTree = "<group>"; };
		18BF08CE20CC1F6E005EEC0F /* Info.plist */ = {isa = PBXFileReference; lastKnownFileType = text.plist.xml; path = Info.plist; sourceTree = "<group>"; };
		18BF08DA20CC23BD005EEC0F /* ListTableViewController.swift */ = {isa = PBXFileReference; lastKnownFileType = sourcecode.swift; path = ListTableViewController.swift; sourceTree = "<group>"; };
		18BF08DC20CC2B20005EEC0F /* ListTableViewCell.swift */ = {isa = PBXFileReference; lastKnownFileType = sourcecode.swift; path = ListTableViewCell.swift; sourceTree = "<group>"; };
		18BF08DE20CCCE5B005EEC0F /* APIClient.swift */ = {isa = PBXFileReference; lastKnownFileType = sourcecode.swift; path = APIClient.swift; sourceTree = "<group>"; };
		18BF08E020CCCF24005EEC0F /* Constants.swift */ = {isa = PBXFileReference; lastKnownFileType = sourcecode.swift; path = Constants.swift; sourceTree = "<group>"; };
		18BF08E220CCCF83005EEC0F /* ListModel.swift */ = {isa = PBXFileReference; lastKnownFileType = sourcecode.swift; path = ListModel.swift; sourceTree = "<group>"; };
		18BF08E420CCCF9E005EEC0F /* ListViewModel.swift */ = {isa = PBXFileReference; lastKnownFileType = sourcecode.swift; path = ListViewModel.swift; sourceTree = "<group>"; };
		18BF08E820CCD6FF005EEC0F /* Reachability.swift */ = {isa = PBXFileReference; fileEncoding = 4; lastKnownFileType = sourcecode.swift; path = Reachability.swift; sourceTree = "<group>"; };
		33B2B4E12FE272EFC668E7F7 /* Pods-TestAssessmentTests.release.xcconfig */ = {isa = PBXFileReference; includeInIndex = 1; lastKnownFileType = text.xcconfig; name = "Pods-TestAssessmentTests.release.xcconfig"; path = "Pods/Target Support Files/Pods-TestAssessmentTests/Pods-TestAssessmentTests.release.xcconfig"; sourceTree = "<group>"; };
		77C83CD9747D98248831BF81 /* Pods-TestAssessment.debug.xcconfig */ = {isa = PBXFileReference; includeInIndex = 1; lastKnownFileType = text.xcconfig; name = "Pods-TestAssessment.debug.xcconfig"; path = "Pods/Target Support Files/Pods-TestAssessment/Pods-TestAssessment.debug.xcconfig"; sourceTree = "<group>"; };
		7AE90D1DAAE4C587A855AC36 /* Pods-TestAssessmentTests.debug.xcconfig */ = {isa = PBXFileReference; includeInIndex = 1; lastKnownFileType = text.xcconfig; name = "Pods-TestAssessmentTests.debug.xcconfig"; path = "Pods/Target Support Files/Pods-TestAssessmentTests/Pods-TestAssessmentTests.debug.xcconfig"; sourceTree = "<group>"; };
		A209E9ECFD36EA60BEC924B8 /* Pods_TestAssessmentUITests.framework */ = {isa = PBXFileReference; explicitFileType = wrapper.framework; includeInIndex = 0; path = Pods_TestAssessmentUITests.framework; sourceTree = BUILT_PRODUCTS_DIR; };
		ABC3C1884AB792541A824D68 /* Pods_TestAssessmentTests.framework */ = {isa = PBXFileReference; explicitFileType = wrapper.framework; includeInIndex = 0; path = Pods_TestAssessmentTests.framework; sourceTree = BUILT_PRODUCTS_DIR; };
		C3AB7BC1B98A295B838F99DF /* Pods_TestAssessment.framework */ = {isa = PBXFileReference; explicitFileType = wrapper.framework; includeInIndex = 0; path = Pods_TestAssessment.framework; sourceTree = BUILT_PRODUCTS_DIR; };
		CD670FB1C492DB81E4D8B5B6 /* Pods-TestAssessmentUITests.release.xcconfig */ = {isa = PBXFileReference; includeInIndex = 1; lastKnownFileType = text.xcconfig; name = "Pods-TestAssessmentUITests.release.xcconfig"; path = "Pods/Target Support Files/Pods-TestAssessmentUITests/Pods-TestAssessmentUITests.release.xcconfig"; sourceTree = "<group>"; };
		DBC5E98F4B1B4841F438120A /* Pods-TestAssessment.release.xcconfig */ = {isa = PBXFileReference; includeInIndex = 1; lastKnownFileType = text.xcconfig; name = "Pods-TestAssessment.release.xcconfig"; path = "Pods/Target Support Files/Pods-TestAssessment/Pods-TestAssessment.release.xcconfig"; sourceTree = "<group>"; };
/* End PBXFileReference section */

/* Begin PBXFrameworksBuildPhase section */
		18BF08A620CC1F6C005EEC0F /* Frameworks */ = {
			isa = PBXFrameworksBuildPhase;
			buildActionMask = 2147483647;
			files = (
				534F6E2F097D9A806182E421 /* Pods_TestAssessment.framework in Frameworks */,
			);
			runOnlyForDeploymentPostprocessing = 0;
		};
		18BF08BA20CC1F6E005EEC0F /* Frameworks */ = {
			isa = PBXFrameworksBuildPhase;
			buildActionMask = 2147483647;
			files = (
				63503094276415FC1436DC34 /* Pods_TestAssessmentTests.framework in Frameworks */,
			);
			runOnlyForDeploymentPostprocessing = 0;
		};
		18BF08C520CC1F6E005EEC0F /* Frameworks */ = {
			isa = PBXFrameworksBuildPhase;
			buildActionMask = 2147483647;
			files = (
				5B19DA333742FAF1C3AC5764 /* Pods_TestAssessmentUITests.framework in Frameworks */,
			);
			runOnlyForDeploymentPostprocessing = 0;
		};
/* End PBXFrameworksBuildPhase section */

/* Begin PBXGroup section */
		18BF08A020CC1F6C005EEC0F = {
			isa = PBXGroup;
			children = (
				18BF08AB20CC1F6C005EEC0F /* TestAssessment */,
				18BF08C020CC1F6E005EEC0F /* TestAssessmentTests */,
				18BF08CB20CC1F6E005EEC0F /* TestAssessmentUITests */,
				18BF08AA20CC1F6C005EEC0F /* Products */,
				1E9A9ADA186D85D85915F3C7 /* Pods */,
				696B713F52FB4DA2DD248290 /* Frameworks */,
			);
			sourceTree = "<group>";
		};
		18BF08AA20CC1F6C005EEC0F /* Products */ = {
			isa = PBXGroup;
			children = (
				18BF08A920CC1F6C005EEC0F /* TestAssessment.app */,
				18BF08BD20CC1F6E005EEC0F /* TestAssessmentTests.xctest */,
				18BF08C820CC1F6E005EEC0F /* TestAssessmentUITests.xctest */,
			);
			name = Products;
			sourceTree = "<group>";
		};
		18BF08AB20CC1F6C005EEC0F /* TestAssessment */ = {
			isa = PBXGroup;
			children = (
				18BF08AC20CC1F6C005EEC0F /* AppDelegate.swift */,
				18BF08EB20CD0BDF005EEC0F /* Network */,
				18BF08EC20CD0BF3005EEC0F /* Utils */,
				18BF08ED20CD0C36005EEC0F /* View */,
				18BF08EE20CD0C46005EEC0F /* ViewModel */,
				18BF08EF20CD0C51005EEC0F /* Model */,
				18BF08F020CD0C63005EEC0F /* CustomViews */,
				18BF08E620CCD6BB005EEC0F /* SupportingClasses */,
				18BF08B320CC1F6E005EEC0F /* Assets.xcassets */,
				18BF08B520CC1F6E005EEC0F /* LaunchScreen.storyboard */,
			);
			path = TestAssessment;
			sourceTree = "<group>";
		};
		18BF08C020CC1F6E005EEC0F /* TestAssessmentTests */ = {
			isa = PBXGroup;
			children = (
				18BF08C120CC1F6E005EEC0F /* TestAssessmentTests.swift */,
				18BF08C320CC1F6E005EEC0F /* Info.plist */,
			);
			path = TestAssessmentTests;
			sourceTree = "<group>";
		};
		18BF08CB20CC1F6E005EEC0F /* TestAssessmentUITests */ = {
			isa = PBXGroup;
			children = (
				18BF08CC20CC1F6E005EEC0F /* TestAssessmentUITests.swift */,
				18BF08CE20CC1F6E005EEC0F /* Info.plist */,
			);
			path = TestAssessmentUITests;
			sourceTree = "<group>";
		};
		18BF08E620CCD6BB005EEC0F /* SupportingClasses */ = {
			isa = PBXGroup;
			children = (
				18BF08E720CCD6FF005EEC0F /* Reachability */,
			);
			path = SupportingClasses;
			sourceTree = "<group>";
		};
		18BF08E720CCD6FF005EEC0F /* Reachability */ = {
			isa = PBXGroup;
			children = (
				18BF08E820CCD6FF005EEC0F /* Reachability.swift */,
			);
			path = Reachability;
			sourceTree = "<group>";
		};
		18BF08EB20CD0BDF005EEC0F /* Network */ = {
			isa = PBXGroup;
			children = (
				18BF08DE20CCCE5B005EEC0F /* APIClient.swift */,
			);
			path = Network;
			sourceTree = "<group>";
		};
		18BF08EC20CD0BF3005EEC0F /* Utils */ = {
			isa = PBXGroup;
			children = (
				18BF08E020CCCF24005EEC0F /* Constants.swift */,
			);
			path = Utils;
			sourceTree = "<group>";
		};
		18BF08ED20CD0C36005EEC0F /* View */ = {
			isa = PBXGroup;
			children = (
				18BF08DA20CC23BD005EEC0F /* ListTableViewController.swift */,
			);
			path = View;
			sourceTree = "<group>";
		};
		18BF08EE20CD0C46005EEC0F /* ViewModel */ = {
			isa = PBXGroup;
			children = (
				18BF08E420CCCF9E005EEC0F /* ListViewModel.swift */,
			);
			path = ViewModel;
			sourceTree = "<group>";
		};
		18BF08EF20CD0C51005EEC0F /* Model */ = {
			isa = PBXGroup;
			children = (
				18BF08E220CCCF83005EEC0F /* ListModel.swift */,
			);
			path = Model;
			sourceTree = "<group>";
		};
		18BF08F020CD0C63005EEC0F /* CustomViews */ = {
			isa = PBXGroup;
			children = (
				18BF08DC20CC2B20005EEC0F /* ListTableViewCell.swift */,
			);
			path = CustomViews;
			sourceTree = "<group>";
		};
		1E9A9ADA186D85D85915F3C7 /* Pods */ = {
			isa = PBXGroup;
			children = (
				77C83CD9747D98248831BF81 /* Pods-TestAssessment.debug.xcconfig */,
				DBC5E98F4B1B4841F438120A /* Pods-TestAssessment.release.xcconfig */,
				7AE90D1DAAE4C587A855AC36 /* Pods-TestAssessmentTests.debug.xcconfig */,
				33B2B4E12FE272EFC668E7F7 /* Pods-TestAssessmentTests.release.xcconfig */,
				13EEB0AB95E8191D789388DD /* Pods-TestAssessmentUITests.debug.xcconfig */,
				CD670FB1C492DB81E4D8B5B6 /* Pods-TestAssessmentUITests.release.xcconfig */,
			);
			name = Pods;
			sourceTree = "<group>";
		};
		696B713F52FB4DA2DD248290 /* Frameworks */ = {
			isa = PBXGroup;
			children = (
				C3AB7BC1B98A295B838F99DF /* Pods_TestAssessment.framework */,
				ABC3C1884AB792541A824D68 /* Pods_TestAssessmentTests.framework */,
				A209E9ECFD36EA60BEC924B8 /* Pods_TestAssessmentUITests.framework */,
			);
			name = Frameworks;
			sourceTree = "<group>";
		};
/* End PBXGroup section */

/* Begin PBXNativeTarget section */
		18BF08A820CC1F6C005EEC0F /* TestAssessment */ = {
			isa = PBXNativeTarget;
			buildConfigurationList = 18BF08D120CC1F6E005EEC0F /* Build configuration list for PBXNativeTarget "TestAssessment" */;
			buildPhases = (
				9719D3B899C56782CADA3F6C /* [CP] Check Pods Manifest.lock */,
				18BF08A520CC1F6C005EEC0F /* Sources */,
				18BF08A620CC1F6C005EEC0F /* Frameworks */,
				18BF08A720CC1F6C005EEC0F /* Resources */,
				E42B7C37A7CF73832988DB94 /* [CP] Embed Pods Frameworks */,
			);
			buildRules = (
			);
			dependencies = (
			);
			name = TestAssessment;
			productName = TestAssessment;
			productReference = 18BF08A920CC1F6C005EEC0F /* TestAssessment.app */;
			productType = "com.apple.product-type.application";
		};
		18BF08BC20CC1F6E005EEC0F /* TestAssessmentTests */ = {
			isa = PBXNativeTarget;
			buildConfigurationList = 18BF08D420CC1F6E005EEC0F /* Build configuration list for PBXNativeTarget "TestAssessmentTests" */;
			buildPhases = (
				6F7F069C8DF15CEB4AA619AC /* [CP] Check Pods Manifest.lock */,
				18BF08B920CC1F6E005EEC0F /* Sources */,
				18BF08BA20CC1F6E005EEC0F /* Frameworks */,
				18BF08BB20CC1F6E005EEC0F /* Resources */,
			);
			buildRules = (
			);
			dependencies = (
				18BF08BF20CC1F6E005EEC0F /* PBXTargetDependency */,
			);
			name = TestAssessmentTests;
			productName = TestAssessmentTests;
			productReference = 18BF08BD20CC1F6E005EEC0F /* TestAssessmentTests.xctest */;
			productType = "com.apple.product-type.bundle.unit-test";
		};
		18BF08C720CC1F6E005EEC0F /* TestAssessmentUITests */ = {
			isa = PBXNativeTarget;
			buildConfigurationList = 18BF08D720CC1F6E005EEC0F /* Build configuration list for PBXNativeTarget "TestAssessmentUITests" */;
			buildPhases = (
				58B2A58A5E3D56F0836174EE /* [CP] Check Pods Manifest.lock */,
				18BF08C420CC1F6E005EEC0F /* Sources */,
				18BF08C520CC1F6E005EEC0F /* Frameworks */,
				18BF08C620CC1F6E005EEC0F /* Resources */,
			);
			buildRules = (
			);
			dependencies = (
				18BF08CA20CC1F6E005EEC0F /* PBXTargetDependency */,
			);
			name = TestAssessmentUITests;
			productName = TestAssessmentUITests;
			productReference = 18BF08C820CC1F6E005EEC0F /* TestAssessmentUITests.xctest */;
			productType = "com.apple.product-type.bundle.ui-testing";
		};
/* End PBXNativeTarget section */

/* Begin PBXProject section */
		18BF08A120CC1F6C005EEC0F /* Project object */ = {
			isa = PBXProject;
			attributes = {
				LastSwiftUpdateCheck = 0930;
				LastUpgradeCheck = 0930;
				ORGANIZATIONNAME = "Gee Vee";
				TargetAttributes = {
					18BF08A820CC1F6C005EEC0F = {
						CreatedOnToolsVersion = 9.3;
					};
					18BF08BC20CC1F6E005EEC0F = {
						CreatedOnToolsVersion = 9.3;
						TestTargetID = 18BF08A820CC1F6C005EEC0F;
					};
					18BF08C720CC1F6E005EEC0F = {
						CreatedOnToolsVersion = 9.3;
						TestTargetID = 18BF08A820CC1F6C005EEC0F;
					};
				};
			};
			buildConfigurationList = 18BF08A420CC1F6C005EEC0F /* Build configuration list for PBXProject "TestAssessment" */;
			compatibilityVersion = "Xcode 9.3";
			developmentRegion = en;
			hasScannedForEncodings = 0;
			knownRegions = (
				en,
				Base,
			);
			mainGroup = 18BF08A020CC1F6C005EEC0F;
			productRefGroup = 18BF08AA20CC1F6C005EEC0F /* Products */;
			projectDirPath = "";
			projectRoot = "";
			targets = (
				18BF08A820CC1F6C005EEC0F /* TestAssessment */,
				18BF08BC20CC1F6E005EEC0F /* TestAssessmentTests */,
				18BF08C720CC1F6E005EEC0F /* TestAssessmentUITests */,
			);
		};
/* End PBXProject section */

/* Begin PBXResourcesBuildPhase section */
		18BF08A720CC1F6C005EEC0F /* Resources */ = {
			isa = PBXResourcesBuildPhase;
			buildActionMask = 2147483647;
			files = (
				18BF08B720CC1F6E005EEC0F /* LaunchScreen.storyboard in Resources */,
				18BF08B420CC1F6E005EEC0F /* Assets.xcassets in Resources */,
			);
			runOnlyForDeploymentPostprocessing = 0;
		};
		18BF08BB20CC1F6E005EEC0F /* Resources */ = {
			isa = PBXResourcesBuildPhase;
			buildActionMask = 2147483647;
			files = (
			);
			runOnlyForDeploymentPostprocessing = 0;
		};
		18BF08C620CC1F6E005EEC0F /* Resources */ = {
			isa = PBXResourcesBuildPhase;
			buildActionMask = 2147483647;
			files = (
			);
			runOnlyForDeploymentPostprocessing = 0;
		};
/* End PBXResourcesBuildPhase section */

/* Begin PBXShellScriptBuildPhase section */
		58B2A58A5E3D56F0836174EE /* [CP] Check Pods Manifest.lock */ = {
			isa = PBXShellScriptBuildPhase;
			buildActionMask = 2147483647;
			files = (
			);
			inputPaths = (
				"${PODS_PODFILE_DIR_PATH}/Podfile.lock",
				"${PODS_ROOT}/Manifest.lock",
			);
			name = "[CP] Check Pods Manifest.lock";
			outputPaths = (
				"$(DERIVED_FILE_DIR)/Pods-TestAssessmentUITests-checkManifestLockResult.txt",
			);
			runOnlyForDeploymentPostprocessing = 0;
			shellPath = /bin/sh;
			shellScript = "diff \"${PODS_PODFILE_DIR_PATH}/Podfile.lock\" \"${PODS_ROOT}/Manifest.lock\" > /dev/null\nif [ $? != 0 ] ; then\n    # print error to STDERR\n    echo \"error: The sandbox is not in sync with the Podfile.lock. Run 'pod install' or update your CocoaPods installation.\" >&2\n    exit 1\nfi\n# This output is used by Xcode 'outputs' to avoid re-running this script phase.\necho \"SUCCESS\" > \"${SCRIPT_OUTPUT_FILE_0}\"\n";
			showEnvVarsInLog = 0;
		};
		6F7F069C8DF15CEB4AA619AC /* [CP] Check Pods Manifest.lock */ = {
			isa = PBXShellScriptBuildPhase;
			buildActionMask = 2147483647;
			files = (
			);
			inputPaths = (
				"${PODS_PODFILE_DIR_PATH}/Podfile.lock",
				"${PODS_ROOT}/Manifest.lock",
			);
			name = "[CP] Check Pods Manifest.lock";
			outputPaths = (
				"$(DERIVED_FILE_DIR)/Pods-TestAssessmentTests-checkManifestLockResult.txt",
			);
			runOnlyForDeploymentPostprocessing = 0;
			shellPath = /bin/sh;
			shellScript = "diff \"${PODS_PODFILE_DIR_PATH}/Podfile.lock\" \"${PODS_ROOT}/Manifest.lock\" > /dev/null\nif [ $? != 0 ] ; then\n    # print error to STDERR\n    echo \"error: The sandbox is not in sync with the Podfile.lock. Run 'pod install' or update your CocoaPods installation.\" >&2\n    exit 1\nfi\n# This output is used by Xcode 'outputs' to avoid re-running this script phase.\necho \"SUCCESS\" > \"${SCRIPT_OUTPUT_FILE_0}\"\n";
			showEnvVarsInLog = 0;
		};
		9719D3B899C56782CADA3F6C /* [CP] Check Pods Manifest.lock */ = {
			isa = PBXShellScriptBuildPhase;
			buildActionMask = 2147483647;
			files = (
			);
			inputPaths = (
				"${PODS_PODFILE_DIR_PATH}/Podfile.lock",
				"${PODS_ROOT}/Manifest.lock",
			);
			name = "[CP] Check Pods Manifest.lock";
			outputPaths = (
				"$(DERIVED_FILE_DIR)/Pods-TestAssessment-checkManifestLockResult.txt",
			);
			runOnlyForDeploymentPostprocessing = 0;
			shellPath = /bin/sh;
			shellScript = "diff \"${PODS_PODFILE_DIR_PATH}/Podfile.lock\" \"${PODS_ROOT}/Manifest.lock\" > /dev/null\nif [ $? != 0 ] ; then\n    # print error to STDERR\n    echo \"error: The sandbox is not in sync with the Podfile.lock. Run 'pod install' or update your CocoaPods installation.\" >&2\n    exit 1\nfi\n# This output is used by Xcode 'outputs' to avoid re-running this script phase.\necho \"SUCCESS\" > \"${SCRIPT_OUTPUT_FILE_0}\"\n";
			showEnvVarsInLog = 0;
		};
		E42B7C37A7CF73832988DB94 /* [CP] Embed Pods Frameworks */ = {
			isa = PBXShellScriptBuildPhase;
			buildActionMask = 2147483647;
			files = (
			);
			inputPaths = (
				"${SRCROOT}/Pods/Target Support Files/Pods-TestAssessment/Pods-TestAssessment-frameworks.sh",
				"${BUILT_PRODUCTS_DIR}/Masonry/Masonry.framework",
				"${BUILT_PRODUCTS_DIR}/SDWebImage/SDWebImage.framework",
			);
			name = "[CP] Embed Pods Frameworks";
			outputPaths = (
				"${TARGET_BUILD_DIR}/${FRAMEWORKS_FOLDER_PATH}/Masonry.framework",
				"${TARGET_BUILD_DIR}/${FRAMEWORKS_FOLDER_PATH}/SDWebImage.framework",
			);
			runOnlyForDeploymentPostprocessing = 0;
			shellPath = /bin/sh;
			shellScript = "\"${SRCROOT}/Pods/Target Support Files/Pods-TestAssessment/Pods-TestAssessment-frameworks.sh\"\n";
			showEnvVarsInLog = 0;
		};
/* End PBXShellScriptBuildPhase section */

/* Begin PBXSourcesBuildPhase section */
		18BF08A520CC1F6C005EEC0F /* Sources */ = {
			isa = PBXSourcesBuildPhase;
			buildActionMask = 2147483647;
			files = (
				18BF08E120CCCF24005EEC0F /* Constants.swift in Sources */,
				18BF08AD20CC1F6C005EEC0F /* AppDelegate.swift in Sources */,
				18BF08E520CCCF9E005EEC0F /* ListViewModel.swift in Sources */,
				18BF08DB20CC23BD005EEC0F /* ListTableViewController.swift in Sources */,
				18BF08E320CCCF83005EEC0F /* ListModel.swift in Sources */,
				18BF08DD20CC2B20005EEC0F /* ListTableViewCell.swift in Sources */,
				18BF08E920CCD6FF005EEC0F /* Reachability.swift in Sources */,
				18BF08DF20CCCE5B005EEC0F /* APIClient.swift in Sources */,
			);
			runOnlyForDeploymentPostprocessing = 0;
		};
		18BF08B920CC1F6E005EEC0F /* Sources */ = {
			isa = PBXSourcesBuildPhase;
			buildActionMask = 2147483647;
			files = (
				18BF08C220CC1F6E005EEC0F /* TestAssessmentTests.swift in Sources */,
			);
			runOnlyForDeploymentPostprocessing = 0;
		};
		18BF08C420CC1F6E005EEC0F /* Sources */ = {
			isa = PBXSourcesBuildPhase;
			buildActionMask = 2147483647;
			files = (
				18BF08CD20CC1F6E005EEC0F /* TestAssessmentUITests.swift in Sources */,
			);
			runOnlyForDeploymentPostprocessing = 0;
		};
/* End PBXSourcesBuildPhase section */

/* Begin PBXTargetDependency section */
		18BF08BF20CC1F6E005EEC0F /* PBXTargetDependency */ = {
			isa = PBXTargetDependency;
			target = 18BF08A820CC1F6C005EEC0F /* TestAssessment */;
			targetProxy = 18BF08BE20CC1F6E005EEC0F /* PBXContainerItemProxy */;
		};
		18BF08CA20CC1F6E005EEC0F /* PBXTargetDependency */ = {
			isa = PBXTargetDependency;
			target = 18BF08A820CC1F6C005EEC0F /* TestAssessment */;
			targetProxy = 18BF08C920CC1F6E005EEC0F /* PBXContainerItemProxy */;
		};
/* End PBXTargetDependency section */

/* Begin PBXVariantGroup section */
		18BF08B520CC1F6E005EEC0F /* LaunchScreen.storyboard */ = {
			isa = PBXVariantGroup;
			children = (
				18BF08B620CC1F6E005EEC0F /* Base */,
			);
			name = LaunchScreen.storyboard;
			sourceTree = "<group>";
		};
/* End PBXVariantGroup section */

/* Begin XCBuildConfiguration section */
		18BF08CF20CC1F6E005EEC0F /* Debug */ = {
			isa = XCBuildConfiguration;
			buildSettings = {
				ALWAYS_SEARCH_USER_PATHS = NO;
				CLANG_ANALYZER_NONNULL = YES;
				CLANG_ANALYZER_NUMBER_OBJECT_CONVERSION = YES_AGGRESSIVE;
				CLANG_CXX_LANGUAGE_STANDARD = "gnu++14";
				CLANG_CXX_LIBRARY = "libc++";
				CLANG_ENABLE_MODULES = YES;
				CLANG_ENABLE_OBJC_ARC = YES;
				CLANG_ENABLE_OBJC_WEAK = YES;
				CLANG_WARN_BLOCK_CAPTURE_AUTORELEASING = YES;
				CLANG_WARN_BOOL_CONVERSION = YES;
				CLANG_WARN_COMMA = YES;
				CLANG_WARN_CONSTANT_CONVERSION = YES;
				CLANG_WARN_DEPRECATED_OBJC_IMPLEMENTATIONS = YES;
				CLANG_WARN_DIRECT_OBJC_ISA_USAGE = YES_ERROR;
				CLANG_WARN_DOCUMENTATION_COMMENTS = YES;
				CLANG_WARN_EMPTY_BODY = YES;
				CLANG_WARN_ENUM_CONVERSION = YES;
				CLANG_WARN_INFINITE_RECURSION = YES;
				CLANG_WARN_INT_CONVERSION = YES;
				CLANG_WARN_NON_LITERAL_NULL_CONVERSION = YES;
				CLANG_WARN_OBJC_IMPLICIT_RETAIN_SELF = YES;
				CLANG_WARN_OBJC_LITERAL_CONVERSION = YES;
				CLANG_WARN_OBJC_ROOT_CLASS = YES_ERROR;
				CLANG_WARN_RANGE_LOOP_ANALYSIS = YES;
				CLANG_WARN_STRICT_PROTOTYPES = YES;
				CLANG_WARN_SUSPICIOUS_MOVE = YES;
				CLANG_WARN_UNGUARDED_AVAILABILITY = YES_AGGRESSIVE;
				CLANG_WARN_UNREACHABLE_CODE = YES;
				CLANG_WARN__DUPLICATE_METHOD_MATCH = YES;
				CODE_SIGN_IDENTITY = "iPhone Developer";
				COPY_PHASE_STRIP = NO;
				DEBUG_INFORMATION_FORMAT = dwarf;
				ENABLE_STRICT_OBJC_MSGSEND = YES;
				ENABLE_TESTABILITY = YES;
				GCC_C_LANGUAGE_STANDARD = gnu11;
				GCC_DYNAMIC_NO_PIC = NO;
				GCC_NO_COMMON_BLOCKS = YES;
				GCC_OPTIMIZATION_LEVEL = 0;
				GCC_PREPROCESSOR_DEFINITIONS = (
					"DEBUG=1",
					"$(inherited)",
				);
				GCC_WARN_64_TO_32_BIT_CONVERSION = YES;
				GCC_WARN_ABOUT_RETURN_TYPE = YES_ERROR;
				GCC_WARN_UNDECLARED_SELECTOR = YES;
				GCC_WARN_UNINITIALIZED_AUTOS = YES_AGGRESSIVE;
				GCC_WARN_UNUSED_FUNCTION = YES;
				GCC_WARN_UNUSED_VARIABLE = YES;
				IPHONEOS_DEPLOYMENT_TARGET = 11.3;
				MTL_ENABLE_DEBUG_INFO = YES;
				ONLY_ACTIVE_ARCH = YES;
				SDKROOT = iphoneos;
				SWIFT_ACTIVE_COMPILATION_CONDITIONS = DEBUG;
				SWIFT_OPTIMIZATION_LEVEL = "-Onone";
			};
			name = Debug;
		};
		18BF08D020CC1F6E005EEC0F /* Release */ = {
			isa = XCBuildConfiguration;
			buildSettings = {
				ALWAYS_SEARCH_USER_PATHS = NO;
				CLANG_ANALYZER_NONNULL = YES;
				CLANG_ANALYZER_NUMBER_OBJECT_CONVERSION = YES_AGGRESSIVE;
				CLANG_CXX_LANGUAGE_STANDARD = "gnu++14";
				CLANG_CXX_LIBRARY = "libc++";
				CLANG_ENABLE_MODULES = YES;
				CLANG_ENABLE_OBJC_ARC = YES;
				CLANG_ENABLE_OBJC_WEAK = YES;
				CLANG_WARN_BLOCK_CAPTURE_AUTORELEASING = YES;
				CLANG_WARN_BOOL_CONVERSION = YES;
				CLANG_WARN_COMMA = YES;
				CLANG_WARN_CONSTANT_CONVERSION = YES;
				CLANG_WARN_DEPRECATED_OBJC_IMPLEMENTATIONS = YES;
				CLANG_WARN_DIRECT_OBJC_ISA_USAGE = YES_ERROR;
				CLANG_WARN_DOCUMENTATION_COMMENTS = YES;
				CLANG_WARN_EMPTY_BODY = YES;
				CLANG_WARN_ENUM_CONVERSION = YES;
				CLANG_WARN_INFINITE_RECURSION = YES;
				CLANG_WARN_INT_CONVERSION = YES;
				CLANG_WARN_NON_LITERAL_NULL_CONVERSION = YES;
				CLANG_WARN_OBJC_IMPLICIT_RETAIN_SELF = YES;
				CLANG_WARN_OBJC_LITERAL_CONVERSION = YES;
				CLANG_WARN_OBJC_ROOT_CLASS = YES_ERROR;
				CLANG_WARN_RANGE_LOOP_ANALYSIS = YES;
				CLANG_WARN_STRICT_PROTOTYPES = YES;
				CLANG_WARN_SUSPICIOUS_MOVE = YES;
				CLANG_WARN_UNGUARDED_AVAILABILITY = YES_AGGRESSIVE;
				CLANG_WARN_UNREACHABLE_CODE = YES;
				CLANG_WARN__DUPLICATE_METHOD_MATCH = YES;
				CODE_SIGN_IDENTITY = "iPhone Developer";
				COPY_PHASE_STRIP = NO;
				DEBUG_INFORMATION_FORMAT = "dwarf-with-dsym";
				ENABLE_NS_ASSERTIONS = NO;
				ENABLE_STRICT_OBJC_MSGSEND = YES;
				GCC_C_LANGUAGE_STANDARD = gnu11;
				GCC_NO_COMMON_BLOCKS = YES;
				GCC_WARN_64_TO_32_BIT_CONVERSION = YES;
				GCC_WARN_ABOUT_RETURN_TYPE = YES_ERROR;
				GCC_WARN_UNDECLARED_SELECTOR = YES;
				GCC_WARN_UNINITIALIZED_AUTOS = YES_AGGRESSIVE;
				GCC_WARN_UNUSED_FUNCTION = YES;
				GCC_WARN_UNUSED_VARIABLE = YES;
				IPHONEOS_DEPLOYMENT_TARGET = 11.3;
				MTL_ENABLE_DEBUG_INFO = NO;
				SDKROOT = iphoneos;
				SWIFT_COMPILATION_MODE = wholemodule;
				SWIFT_OPTIMIZATION_LEVEL = "-O";
				VALIDATE_PRODUCT = YES;
			};
			name = Release;
		};
		18BF08D220CC1F6E005EEC0F /* Debug */ = {
			isa = XCBuildConfiguration;
			baseConfigurationReference = 77C83CD9747D98248831BF81 /* Pods-TestAssessment.debug.xcconfig */;
			buildSettings = {
				ASSETCATALOG_COMPILER_APPICON_NAME = AppIcon;
				CODE_SIGN_STYLE = Automatic;
				INFOPLIST_FILE = TestAssessment/Info.plist;
				LD_RUNPATH_SEARCH_PATHS = (
					"$(inherited)",
					"@executable_path/Frameworks",
				);
				PRODUCT_BUNDLE_IDENTIFIER = com.company.app.TestAssessment;
				PRODUCT_NAME = "$(TARGET_NAME)";
				SWIFT_VERSION = 4.0;
				TARGETED_DEVICE_FAMILY = "1,2";
			};
			name = Debug;
		};
		18BF08D320CC1F6E005EEC0F /* Release */ = {
			isa = XCBuildConfiguration;
			baseConfigurationReference = DBC5E98F4B1B4841F438120A /* Pods-TestAssessment.release.xcconfig */;
			buildSettings = {
				ASSETCATALOG_COMPILER_APPICON_NAME = AppIcon;
				CODE_SIGN_STYLE = Automatic;
				INFOPLIST_FILE = TestAssessment/Info.plist;
				LD_RUNPATH_SEARCH_PATHS = (
					"$(inherited)",
					"@executable_path/Frameworks",
				);
				PRODUCT_BUNDLE_IDENTIFIER = com.company.app.TestAssessment;
				PRODUCT_NAME = "$(TARGET_NAME)";
				SWIFT_VERSION = 4.0;
				TARGETED_DEVICE_FAMILY = "1,2";
			};
			name = Release;
		};
		18BF08D520CC1F6E005EEC0F /* Debug */ = {
			isa = XCBuildConfiguration;
			baseConfigurationReference = 7AE90D1DAAE4C587A855AC36 /* Pods-TestAssessmentTests.debug.xcconfig */;
			buildSettings = {
				ALWAYS_EMBED_SWIFT_STANDARD_LIBRARIES = YES;
				BUNDLE_LOADER = "$(TEST_HOST)";
				CODE_SIGN_STYLE = Automatic;
				INFOPLIST_FILE = TestAssessmentTests/Info.plist;
				LD_RUNPATH_SEARCH_PATHS = (
					"$(inherited)",
					"@executable_path/Frameworks",
					"@loader_path/Frameworks",
				);
				PRODUCT_BUNDLE_IDENTIFIER = com.company.app.TestAssessmentTests;
				PRODUCT_NAME = "$(TARGET_NAME)";
				SWIFT_VERSION = 4.0;
				TARGETED_DEVICE_FAMILY = "1,2";
				TEST_HOST = "$(BUILT_PRODUCTS_DIR)/TestAssessment.app/TestAssessment";
			};
			name = Debug;
		};
		18BF08D620CC1F6E005EEC0F /* Release */ = {
			isa = XCBuildConfiguration;
			baseConfigurationReference = 33B2B4E12FE272EFC668E7F7 /* Pods-TestAssessmentTests.release.xcconfig */;
			buildSettings = {
				ALWAYS_EMBED_SWIFT_STANDARD_LIBRARIES = YES;
				BUNDLE_LOADER = "$(TEST_HOST)";
				CODE_SIGN_STYLE = Automatic;
				INFOPLIST_FILE = TestAssessmentTests/Info.plist;
				LD_RUNPATH_SEARCH_PATHS = (
					"$(inherited)",
					"@executable_path/Frameworks",
					"@loader_path/Frameworks",
				);
				PRODUCT_BUNDLE_IDENTIFIER = com.company.app.TestAssessmentTests;
				PRODUCT_NAME = "$(TARGET_NAME)";
				SWIFT_VERSION = 4.0;
				TARGETED_DEVICE_FAMILY = "1,2";
				TEST_HOST = "$(BUILT_PRODUCTS_DIR)/TestAssessment.app/TestAssessment";
			};
			name = Release;
		};
		18BF08D820CC1F6E005EEC0F /* Debug */ = {
			isa = XCBuildConfiguration;
			baseConfigurationReference = 13EEB0AB95E8191D789388DD /* Pods-TestAssessmentUITests.debug.xcconfig */;
			buildSettings = {
				ALWAYS_EMBED_SWIFT_STANDARD_LIBRARIES = YES;
				CODE_SIGN_STYLE = Automatic;
				INFOPLIST_FILE = TestAssessmentUITests/Info.plist;
				LD_RUNPATH_SEARCH_PATHS = (
					"$(inherited)",
					"@executable_path/Frameworks",
					"@loader_path/Frameworks",
				);
				PRODUCT_BUNDLE_IDENTIFIER = com.company.app.TestAssessmentUITests;
				PRODUCT_NAME = "$(TARGET_NAME)";
				SWIFT_VERSION = 4.0;
				TARGETED_DEVICE_FAMILY = "1,2";
				TEST_TARGET_NAME = TestAssessment;
			};
			name = Debug;
		};
		18BF08D920CC1F6E005EEC0F /* Release */ = {
			isa = XCBuildConfiguration;
			baseConfigurationReference = CD670FB1C492DB81E4D8B5B6 /* Pods-TestAssessmentUITests.release.xcconfig */;
			buildSettings = {
				ALWAYS_EMBED_SWIFT_STANDARD_LIBRARIES = YES;
				CODE_SIGN_STYLE = Automatic;
				INFOPLIST_FILE = TestAssessmentUITests/Info.plist;
				LD_RUNPATH_SEARCH_PATHS = (
					"$(inherited)",
					"@executable_path/Frameworks",
					"@loader_path/Frameworks",
				);
				PRODUCT_BUNDLE_IDENTIFIER = com.company.app.TestAssessmentUITests;
				PRODUCT_NAME = "$(TARGET_NAME)";
				SWIFT_VERSION = 4.0;
				TARGETED_DEVICE_FAMILY = "1,2";
				TEST_TARGET_NAME = TestAssessment;
			};
			name = Release;
		};
/* End XCBuildConfiguration section */

/* Begin XCConfigurationList section */
		18BF08A420CC1F6C005EEC0F /* Build configuration list for PBXProject "TestAssessment" */ = {
			isa = XCConfigurationList;
			buildConfigurations = (
				18BF08CF20CC1F6E005EEC0F /* Debug */,
				18BF08D020CC1F6E005EEC0F /* Release */,
			);
			defaultConfigurationIsVisible = 0;
			defaultConfigurationName = Release;
		};
		18BF08D120CC1F6E005EEC0F /* Build configuration list for PBXNativeTarget "TestAssessment" */ = {
			isa = XCConfigurationList;
			buildConfigurations = (
				18BF08D220CC1F6E005EEC0F /* Debug */,
				18BF08D320CC1F6E005EEC0F /* Release */,
			);
			defaultConfigurationIsVisible = 0;
			defaultConfigurationName = Release;
		};
		18BF08D420CC1F6E005EEC0F /* Build configuration list for PBXNativeTarget "TestAssessmentTests" */ = {
			isa = XCConfigurationList;
			buildConfigurations = (
				18BF08D520CC1F6E005EEC0F /* Debug */,
				18BF08D620CC1F6E005EEC0F /* Release */,
			);
			defaultConfigurationIsVisible = 0;
			defaultConfigurationName = Release;
		};
		18BF08D720CC1F6E005EEC0F /* Build configuration list for PBXNativeTarget "TestAssessmentUITests" */ = {
			isa = XCConfigurationList;
			buildConfigurations = (
				18BF08D820CC1F6E005EEC0F /* Debug */,
				18BF08D920CC1F6E005EEC0F /* Release */,
			);
			defaultConfigurationIsVisible = 0;
			defaultConfigurationName = Release;
		};
/* End XCConfigurationList section */
	};
	rootObject = 18BF08A120CC1F6C005EEC0F /* Project object */;
}
