// !$*UTF8*$!
{
	archiveVersion = 1;
	classes = {
	};
	objectVersion = 48;
	objects = {

/* Begin PBXBuildFile section */
		184D77FF20D8B848004CEA00 /* TestAssessmentTests.swift in Sources */ = {isa = PBXBuildFile; fileRef = 184D77FE20D8B848004CEA00 /* TestAssessmentTests.swift */; };
		184D780A20D8B848004CEA00 /* TestAssessmentUITests.swift in Sources */ = {isa = PBXBuildFile; fileRef = 184D780920D8B848004CEA00 /* TestAssessmentUITests.swift */; };
		184D782D20D8B8CF004CEA00 /* AppDelegate.swift in Sources */ = {isa = PBXBuildFile; fileRef = 184D781820D8B8CF004CEA00 /* AppDelegate.swift */; };
		184D782E20D8B8CF004CEA00 /* Assets.xcassets in Resources */ = {isa = PBXBuildFile; fileRef = 184D781920D8B8CF004CEA00 /* Assets.xcassets */; };
		184D782F20D8B8CF004CEA00 /* LaunchScreen.storyboard in Resources */ = {isa = PBXBuildFile; fileRef = 184D781A20D8B8CF004CEA00 /* LaunchScreen.storyboard */; };
		184D783020D8B8CF004CEA00 /* ListTableViewCell.swift in Sources */ = {isa = PBXBuildFile; fileRef = 184D781D20D8B8CF004CEA00 /* ListTableViewCell.swift */; };
		184D783120D8B8CF004CEA00 /* Info.plist in Resources */ = {isa = PBXBuildFile; fileRef = 184D781E20D8B8CF004CEA00 /* Info.plist */; };
		184D783220D8B8CF004CEA00 /* ListModel.swift in Sources */ = {isa = PBXBuildFile; fileRef = 184D782020D8B8CF004CEA00 /* ListModel.swift */; };
		184D783320D8B8CF004CEA00 /* APIClient.swift in Sources */ = {isa = PBXBuildFile; fileRef = 184D782220D8B8CF004CEA00 /* APIClient.swift */; };
		184D783420D8B8CF004CEA00 /* Reachability.swift in Sources */ = {isa = PBXBuildFile; fileRef = 184D782520D8B8CF004CEA00 /* Reachability.swift */; };
		184D783520D8B8CF004CEA00 /* Constants.swift in Sources */ = {isa = PBXBuildFile; fileRef = 184D782720D8B8CF004CEA00 /* Constants.swift */; };
		184D783620D8B8CF004CEA00 /* ListTableViewController.swift in Sources */ = {isa = PBXBuildFile; fileRef = 184D782920D8B8CF004CEA00 /* ListTableViewController.swift */; };
		184D783820D8B8CF004CEA00 /* ListViewModel.swift in Sources */ = {isa = PBXBuildFile; fileRef = 184D782C20D8B8CF004CEA00 /* ListViewModel.swift */; };
		184D783920D8BC00004CEA00 /* Reachability.swift in Sources */ = {isa = PBXBuildFile; fileRef = 184D782520D8B8CF004CEA00 /* Reachability.swift */; };
		488828176E7F96A80B0B6EE3 /* Pods_TestAssessment.framework in Frameworks */ = {isa = PBXBuildFile; fileRef = 712D2A02FDC03602F97B7BB1 /* Pods_TestAssessment.framework */; };
		981C20F1BB1AE3D938979D71 /* Pods_TestAssessmentTests.framework in Frameworks */ = {isa = PBXBuildFile; fileRef = 8D60461E969CEB808D5E24C4 /* Pods_TestAssessmentTests.framework */; };
		D2698A19F383E116F86166E9 /* Pods_TestAssessmentUITests.framework in Frameworks */ = {isa = PBXBuildFile; fileRef = A56CD46555593E17F5301E67 /* Pods_TestAssessmentUITests.framework */; };
/* End PBXBuildFile section */

/* Begin PBXContainerItemProxy section */
		184D77FB20D8B848004CEA00 /* PBXContainerItemProxy */ = {
			isa = PBXContainerItemProxy;
			containerPortal = 184D77DE20D8B848004CEA00 /* Project object */;
			proxyType = 1;
			remoteGlobalIDString = 184D77E520D8B848004CEA00;
			remoteInfo = TestAssessment;
		};
		184D780620D8B848004CEA00 /* PBXContainerItemProxy */ = {
			isa = PBXContainerItemProxy;
			containerPortal = 184D77DE20D8B848004CEA00 /* Project object */;
			proxyType = 1;
			remoteGlobalIDString = 184D77E520D8B848004CEA00;
			remoteInfo = TestAssessment;
		};
/* End PBXContainerItemProxy section */

/* Begin PBXFileReference section */
		105CE203487EF92A391BFBB0 /* Pods-TestAssessment.debug.xcconfig */ = {isa = PBXFileReference; includeInIndex = 1; lastKnownFileType = text.xcconfig; name = "Pods-TestAssessment.debug.xcconfig"; path = "Pods/Target Support Files/Pods-TestAssessment/Pods-TestAssessment.debug.xcconfig"; sourceTree = "<group>"; };
		184D77E620D8B848004CEA00 /* TestAssessment.app */ = {isa = PBXFileReference; explicitFileType = wrapper.application; includeInIndex = 0; path = TestAssessment.app; sourceTree = BUILT_PRODUCTS_DIR; };
		184D77FA20D8B848004CEA00 /* TestAssessmentTests.xctest */ = {isa = PBXFileReference; explicitFileType = wrapper.cfbundle; includeInIndex = 0; path = TestAssessmentTests.xctest; sourceTree = BUILT_PRODUCTS_DIR; };
		184D77FE20D8B848004CEA00 /* TestAssessmentTests.swift */ = {isa = PBXFileReference; lastKnownFileType = sourcecode.swift; path = TestAssessmentTests.swift; sourceTree = "<group>"; };
		184D780020D8B848004CEA00 /* Info.plist */ = {isa = PBXFileReference; lastKnownFileType = text.plist.xml; path = Info.plist; sourceTree = "<group>"; };
		184D780520D8B848004CEA00 /* TestAssessmentUITests.xctest */ = {isa = PBXFileReference; explicitFileType = wrapper.cfbundle; includeInIndex = 0; path = TestAssessmentUITests.xctest; sourceTree = BUILT_PRODUCTS_DIR; };
		184D780920D8B848004CEA00 /* TestAssessmentUITests.swift */ = {isa = PBXFileReference; lastKnownFileType = sourcecode.swift; path = TestAssessmentUITests.swift; sourceTree = "<group>"; };
		184D780B20D8B848004CEA00 /* Info.plist */ = {isa = PBXFileReference; lastKnownFileType = text.plist.xml; path = Info.plist; sourceTree = "<group>"; };
		184D781820D8B8CF004CEA00 /* AppDelegate.swift */ = {isa = PBXFileReference; fileEncoding = 4; lastKnownFileType = sourcecode.swift; path = AppDelegate.swift; sourceTree = "<group>"; };
		184D781920D8B8CF004CEA00 /* Assets.xcassets */ = {isa = PBXFileReference; lastKnownFileType = folder.assetcatalog; path = Assets.xcassets; sourceTree = "<group>"; };
		184D781B20D8B8CF004CEA00 /* Base */ = {isa = PBXFileReference; lastKnownFileType = file.storyboard; name = Base; path = Base.lproj/LaunchScreen.storyboard; sourceTree = "<group>"; };
		184D781D20D8B8CF004CEA00 /* ListTableViewCell.swift */ = {isa = PBXFileReference; fileEncoding = 4; lastKnownFileType = sourcecode.swift; path = ListTableViewCell.swift; sourceTree = "<group>"; };
		184D781E20D8B8CF004CEA00 /* Info.plist */ = {isa = PBXFileReference; fileEncoding = 4; lastKnownFileType = text.plist.xml; path = Info.plist; sourceTree = "<group>"; };
		184D782020D8B8CF004CEA00 /* ListModel.swift */ = {isa = PBXFileReference; fileEncoding = 4; lastKnownFileType = sourcecode.swift; path = ListModel.swift; sourceTree = "<group>"; };
		184D782220D8B8CF004CEA00 /* APIClient.swift */ = {isa = PBXFileReference; fileEncoding = 4; lastKnownFileType = sourcecode.swift; path = APIClient.swift; sourceTree = "<group>"; };
		184D782520D8B8CF004CEA00 /* Reachability.swift */ = {isa = PBXFileReference; fileEncoding = 4; lastKnownFileType = sourcecode.swift; path = Reachability.swift; sourceTree = "<group>"; };
		184D782720D8B8CF004CEA00 /* Constants.swift */ = {isa = PBXFileReference; fileEncoding = 4; lastKnownFileType = sourcecode.swift; path = Constants.swift; sourceTree = "<group>"; };
		184D782920D8B8CF004CEA00 /* ListTableViewController.swift */ = {isa = PBXFileReference; fileEncoding = 4; lastKnownFileType = sourcecode.swift; path = ListTableViewController.swift; sourceTree = "<group>"; };
		184D782C20D8B8CF004CEA00 /* ListViewModel.swift */ = {isa = PBXFileReference; fileEncoding = 4; lastKnownFileType = sourcecode.swift; path = ListViewModel.swift; sourceTree = "<group>"; };
		26724B1FAC5247576193A280 /* Pods-TestAssessment.release.xcconfig */ = {isa = PBXFileReference; includeInIndex = 1; lastKnownFileType = text.xcconfig; name = "Pods-TestAssessment.release.xcconfig"; path = "Pods/Target Support Files/Pods-TestAssessment/Pods-TestAssessment.release.xcconfig"; sourceTree = "<group>"; };
		712D2A02FDC03602F97B7BB1 /* Pods_TestAssessment.framework */ = {isa = PBXFileReference; explicitFileType = wrapper.framework; includeInIndex = 0; path = Pods_TestAssessment.framework; sourceTree = BUILT_PRODUCTS_DIR; };
		8D60461E969CEB808D5E24C4 /* Pods_TestAssessmentTests.framework */ = {isa = PBXFileReference; explicitFileType = wrapper.framework; includeInIndex = 0; path = Pods_TestAssessmentTests.framework; sourceTree = BUILT_PRODUCTS_DIR; };
		9E5052F06A3AA3698B809893 /* Pods-TestAssessmentUITests.release.xcconfig */ = {isa = PBXFileReference; includeInIndex = 1; lastKnownFileType = text.xcconfig; name = "Pods-TestAssessmentUITests.release.xcconfig"; path = "Pods/Target Support Files/Pods-TestAssessmentUITests/Pods-TestAssessmentUITests.release.xcconfig"; sourceTree = "<group>"; };
		A56CD46555593E17F5301E67 /* Pods_TestAssessmentUITests.framework */ = {isa = PBXFileReference; explicitFileType = wrapper.framework; includeInIndex = 0; path = Pods_TestAssessmentUITests.framework; sourceTree = BUILT_PRODUCTS_DIR; };
		BCB4CB3D2E238EC715307582 /* Pods-TestAssessmentTests.debug.xcconfig */ = {isa = PBXFileReference; includeInIndex = 1; lastKnownFileType = text.xcconfig; name = "Pods-TestAssessmentTests.debug.xcconfig"; path = "Pods/Target Support Files/Pods-TestAssessmentTests/Pods-TestAssessmentTests.debug.xcconfig"; sourceTree = "<group>"; };
		DC465A846069E1200F66907F /* Pods-TestAssessmentUITests.debug.xcconfig */ = {isa = PBXFileReference; includeInIndex = 1; lastKnownFileType = text.xcconfig; name = "Pods-TestAssessmentUITests.debug.xcconfig"; path = "Pods/Target Support Files/Pods-TestAssessmentUITests/Pods-TestAssessmentUITests.debug.xcconfig"; sourceTree = "<group>"; };
		DFCDC835B6DB5F33CF676243 /* Pods-TestAssessmentTests.release.xcconfig */ = {isa = PBXFileReference; includeInIndex = 1; lastKnownFileType = text.xcconfig; name = "Pods-TestAssessmentTests.release.xcconfig"; path = "Pods/Target Support Files/Pods-TestAssessmentTests/Pods-TestAssessmentTests.release.xcconfig"; sourceTree = "<group>"; };
/* End PBXFileReference section */

/* Begin PBXFrameworksBuildPhase section */
		184D77E320D8B848004CEA00 /* Frameworks */ = {
			isa = PBXFrameworksBuildPhase;
			buildActionMask = 2147483647;
			files = (
				488828176E7F96A80B0B6EE3 /* Pods_TestAssessment.framework in Frameworks */,
			);
			runOnlyForDeploymentPostprocessing = 0;
		};
		184D77F720D8B848004CEA00 /* Frameworks */ = {
			isa = PBXFrameworksBuildPhase;
			buildActionMask = 2147483647;
			files = (
				981C20F1BB1AE3D938979D71 /* Pods_TestAssessmentTests.framework in Frameworks */,
			);
			runOnlyForDeploymentPostprocessing = 0;
		};
		184D780220D8B848004CEA00 /* Frameworks */ = {
			isa = PBXFrameworksBuildPhase;
			buildActionMask = 2147483647;
			files = (
				D2698A19F383E116F86166E9 /* Pods_TestAssessmentUITests.framework in Frameworks */,
			);
			runOnlyForDeploymentPostprocessing = 0;
		};
/* End PBXFrameworksBuildPhase section */

/* Begin PBXGroup section */
		184D77DD20D8B848004CEA00 = {
			isa = PBXGroup;
			children = (
				184D781720D8B8CF004CEA00 /* TestAssessment */,
				184D77FD20D8B848004CEA00 /* TestAssessmentTests */,
				184D780820D8B848004CEA00 /* TestAssessmentUITests */,
				184D77E720D8B848004CEA00 /* Products */,
				3DD301EF717DDAF6558453AF /* Pods */,
				9A3AC1F7F16DE5C45ABD4D4E /* Frameworks */,
			);
			sourceTree = "<group>";
		};
		184D77E720D8B848004CEA00 /* Products */ = {
			isa = PBXGroup;
			children = (
				184D77E620D8B848004CEA00 /* TestAssessment.app */,
				184D77FA20D8B848004CEA00 /* TestAssessmentTests.xctest */,
				184D780520D8B848004CEA00 /* TestAssessmentUITests.xctest */,
			);
			name = Products;
			sourceTree = "<group>";
		};
		184D77FD20D8B848004CEA00 /* TestAssessmentTests */ = {
			isa = PBXGroup;
			children = (
				184D77FE20D8B848004CEA00 /* TestAssessmentTests.swift */,
				184D780020D8B848004CEA00 /* Info.plist */,
			);
			path = TestAssessmentTests;
			sourceTree = "<group>";
		};
		184D780820D8B848004CEA00 /* TestAssessmentUITests */ = {
			isa = PBXGroup;
			children = (
				184D780920D8B848004CEA00 /* TestAssessmentUITests.swift */,
				184D780B20D8B848004CEA00 /* Info.plist */,
			);
			path = TestAssessmentUITests;
			sourceTree = "<group>";
		};
		184D781720D8B8CF004CEA00 /* TestAssessment */ = {
			isa = PBXGroup;
			children = (
				184D781820D8B8CF004CEA00 /* AppDelegate.swift */,
				184D781920D8B8CF004CEA00 /* Assets.xcassets */,
				184D781A20D8B8CF004CEA00 /* LaunchScreen.storyboard */,
				184D781C20D8B8CF004CEA00 /* CustomViews */,
				184D781E20D8B8CF004CEA00 /* Info.plist */,
				184D781F20D8B8CF004CEA00 /* Model */,
				184D782120D8B8CF004CEA00 /* Network */,
				184D782320D8B8CF004CEA00 /* SupportingClasses */,
				184D782620D8B8CF004CEA00 /* Utils */,
				184D782820D8B8CF004CEA00 /* View */,
				184D782B20D8B8CF004CEA00 /* ViewModel */,
			);
			path = TestAssessment;
			sourceTree = "<group>";
		};
		184D781C20D8B8CF004CEA00 /* CustomViews */ = {
			isa = PBXGroup;
			children = (
				184D781D20D8B8CF004CEA00 /* ListTableViewCell.swift */,
			);
			path = CustomViews;
			sourceTree = "<group>";
		};
		184D781F20D8B8CF004CEA00 /* Model */ = {
			isa = PBXGroup;
			children = (
				184D782020D8B8CF004CEA00 /* ListModel.swift */,
			);
			path = Model;
			sourceTree = "<group>";
		};
		184D782120D8B8CF004CEA00 /* Network */ = {
			isa = PBXGroup;
			children = (
				184D782220D8B8CF004CEA00 /* APIClient.swift */,
			);
			path = Network;
			sourceTree = "<group>";
		};
		184D782320D8B8CF004CEA00 /* SupportingClasses */ = {
			isa = PBXGroup;
			children = (
				184D782420D8B8CF004CEA00 /* Reachability */,
			);
			path = SupportingClasses;
			sourceTree = "<group>";
		};
		184D782420D8B8CF004CEA00 /* Reachability */ = {
			isa = PBXGroup;
			children = (
				184D782520D8B8CF004CEA00 /* Reachability.swift */,
			);
			path = Reachability;
			sourceTree = "<group>";
		};
		184D782620D8B8CF004CEA00 /* Utils */ = {
			isa = PBXGroup;
			children = (
				184D782720D8B8CF004CEA00 /* Constants.swift */,
			);
			path = Utils;
			sourceTree = "<group>";
		};
		184D782820D8B8CF004CEA00 /* View */ = {
			isa = PBXGroup;
			children = (
				184D782920D8B8CF004CEA00 /* ListTableViewController.swift */,
			);
			path = View;
			sourceTree = "<group>";
		};
		184D782B20D8B8CF004CEA00 /* ViewModel */ = {
			isa = PBXGroup;
			children = (
				184D782C20D8B8CF004CEA00 /* ListViewModel.swift */,
			);
			path = ViewModel;
			sourceTree = "<group>";
		};
		3DD301EF717DDAF6558453AF /* Pods */ = {
			isa = PBXGroup;
			children = (
				105CE203487EF92A391BFBB0 /* Pods-TestAssessment.debug.xcconfig */,
				26724B1FAC5247576193A280 /* Pods-TestAssessment.release.xcconfig */,
				BCB4CB3D2E238EC715307582 /* Pods-TestAssessmentTests.debug.xcconfig */,
				DFCDC835B6DB5F33CF676243 /* Pods-TestAssessmentTests.release.xcconfig */,
				DC465A846069E1200F66907F /* Pods-TestAssessmentUITests.debug.xcconfig */,
				9E5052F06A3AA3698B809893 /* Pods-TestAssessmentUITests.release.xcconfig */,
			);
			name = Pods;
			sourceTree = "<group>";
		};
		9A3AC1F7F16DE5C45ABD4D4E /* Frameworks */ = {
			isa = PBXGroup;
			children = (
				712D2A02FDC03602F97B7BB1 /* Pods_TestAssessment.framework */,
				8D60461E969CEB808D5E24C4 /* Pods_TestAssessmentTests.framework */,
				A56CD46555593E17F5301E67 /* Pods_TestAssessmentUITests.framework */,
			);
			name = Frameworks;
			sourceTree = "<group>";
		};
/* End PBXGroup section */

/* Begin PBXNativeTarget section */
		184D77E520D8B848004CEA00 /* TestAssessment */ = {
			isa = PBXNativeTarget;
			buildConfigurationList = 184D780E20D8B849004CEA00 /* Build configuration list for PBXNativeTarget "TestAssessment" */;
			buildPhases = (
				4E5875FD04C351E11AB5ADAF /* [CP] Check Pods Manifest.lock */,
				184D77E220D8B848004CEA00 /* Sources */,
				184D77E320D8B848004CEA00 /* Frameworks */,
				184D77E420D8B848004CEA00 /* Resources */,
				5BE7F158677424ACED1664CC /* [CP] Embed Pods Frameworks */,
			);
			buildRules = (
			);
			dependencies = (
			);
			name = TestAssessment;
			productName = TestAssessment;
			productReference = 184D77E620D8B848004CEA00 /* TestAssessment.app */;
			productType = "com.apple.product-type.application";
		};
		184D77F920D8B848004CEA00 /* TestAssessmentTests */ = {
			isa = PBXNativeTarget;
			buildConfigurationList = 184D781120D8B849004CEA00 /* Build configuration list for PBXNativeTarget "TestAssessmentTests" */;
			buildPhases = (
				3791FF79C18EA6232D3B7934 /* [CP] Check Pods Manifest.lock */,
				184D77F620D8B848004CEA00 /* Sources */,
				184D77F720D8B848004CEA00 /* Frameworks */,
				184D77F820D8B848004CEA00 /* Resources */,
			);
			buildRules = (
			);
			dependencies = (
				184D77FC20D8B848004CEA00 /* PBXTargetDependency */,
			);
			name = TestAssessmentTests;
			productName = TestAssessmentTests;
			productReference = 184D77FA20D8B848004CEA00 /* TestAssessmentTests.xctest */;
			productType = "com.apple.product-type.bundle.unit-test";
		};
		184D780420D8B848004CEA00 /* TestAssessmentUITests */ = {
			isa = PBXNativeTarget;
			buildConfigurationList = 184D781420D8B849004CEA00 /* Build configuration list for PBXNativeTarget "TestAssessmentUITests" */;
			buildPhases = (
				EF021959B9A333CF5B96710A /* [CP] Check Pods Manifest.lock */,
				184D780120D8B848004CEA00 /* Sources */,
				184D780220D8B848004CEA00 /* Frameworks */,
				184D780320D8B848004CEA00 /* Resources */,
			);
			buildRules = (
			);
			dependencies = (
				184D780720D8B848004CEA00 /* PBXTargetDependency */,
			);
			name = TestAssessmentUITests;
			productName = TestAssessmentUITests;
			productReference = 184D780520D8B848004CEA00 /* TestAssessmentUITests.xctest */;
			productType = "com.apple.product-type.bundle.ui-testing";
		};
/* End PBXNativeTarget section */

/* Begin PBXProject section */
		184D77DE20D8B848004CEA00 /* Project object */ = {
			isa = PBXProject;
			attributes = {
				LastSwiftUpdateCheck = 0920;
				LastUpgradeCheck = 0920;
				ORGANIZATIONNAME = "Test Assessment";
				TargetAttributes = {
					184D77E520D8B848004CEA00 = {
						CreatedOnToolsVersion = 9.2;
						ProvisioningStyle = Automatic;
					};
					184D77F920D8B848004CEA00 = {
						CreatedOnToolsVersion = 9.2;
						ProvisioningStyle = Automatic;
						TestTargetID = 184D77E520D8B848004CEA00;
					};
					184D780420D8B848004CEA00 = {
						CreatedOnToolsVersion = 9.2;
						ProvisioningStyle = Automatic;
						TestTargetID = 184D77E520D8B848004CEA00;
					};
				};
			};
			buildConfigurationList = 184D77E120D8B848004CEA00 /* Build configuration list for PBXProject "TestAssessment" */;
			compatibilityVersion = "Xcode 8.0";
			developmentRegion = en;
			hasScannedForEncodings = 0;
			knownRegions = (
				en,
				Base,
			);
			mainGroup = 184D77DD20D8B848004CEA00;
			productRefGroup = 184D77E720D8B848004CEA00 /* Products */;
			projectDirPath = "";
			projectRoot = "";
			targets = (
				184D77E520D8B848004CEA00 /* TestAssessment */,
				184D77F920D8B848004CEA00 /* TestAssessmentTests */,
				184D780420D8B848004CEA00 /* TestAssessmentUITests */,
			);
		};
/* End PBXProject section */

/* Begin PBXResourcesBuildPhase section */
		184D77E420D8B848004CEA00 /* Resources */ = {
			isa = PBXResourcesBuildPhase;
			buildActionMask = 2147483647;
			files = (
				184D782E20D8B8CF004CEA00 /* Assets.xcassets in Resources */,
				184D782F20D8B8CF004CEA00 /* LaunchScreen.storyboard in Resources */,
				184D783120D8B8CF004CEA00 /* Info.plist in Resources */,
			);
			runOnlyForDeploymentPostprocessing = 0;
		};
		184D77F820D8B848004CEA00 /* Resources */ = {
			isa = PBXResourcesBuildPhase;
			buildActionMask = 2147483647;
			files = (
			);
			runOnlyForDeploymentPostprocessing = 0;
		};
		184D780320D8B848004CEA00 /* Resources */ = {
			isa = PBXResourcesBuildPhase;
			buildActionMask = 2147483647;
			files = (
			);
			runOnlyForDeploymentPostprocessing = 0;
		};
/* End PBXResourcesBuildPhase section */

/* Begin PBXShellScriptBuildPhase section */
		3791FF79C18EA6232D3B7934 /* [CP] Check Pods Manifest.lock */ = {
			isa = PBXShellScriptBuildPhase;
			buildActionMask = 2147483647;
			files = (
			);
			inputPaths = (
				"${PODS_PODFILE_DIR_PATH}/Podfile.lock",
				"${PODS_ROOT}/Manifest.lock",
			);
			name = "[CP] Check Pods Manifest.lock";
			outputPaths = (
				"$(DERIVED_FILE_DIR)/Pods-TestAssessmentTests-checkManifestLockResult.txt",
			);
			runOnlyForDeploymentPostprocessing = 0;
			shellPath = /bin/sh;
			shellScript = "diff \"${PODS_PODFILE_DIR_PATH}/Podfile.lock\" \"${PODS_ROOT}/Manifest.lock\" > /dev/null\nif [ $? != 0 ] ; then\n    # print error to STDERR\n    echo \"error: The sandbox is not in sync with the Podfile.lock. Run 'pod install' or update your CocoaPods installation.\" >&2\n    exit 1\nfi\n# This output is used by Xcode 'outputs' to avoid re-running this script phase.\necho \"SUCCESS\" > \"${SCRIPT_OUTPUT_FILE_0}\"\n";
			showEnvVarsInLog = 0;
		};
		4E5875FD04C351E11AB5ADAF /* [CP] Check Pods Manifest.lock */ = {
			isa = PBXShellScriptBuildPhase;
			buildActionMask = 2147483647;
			files = (
			);
			inputPaths = (
				"${PODS_PODFILE_DIR_PATH}/Podfile.lock",
				"${PODS_ROOT}/Manifest.lock",
			);
			name = "[CP] Check Pods Manifest.lock";
			outputPaths = (
				"$(DERIVED_FILE_DIR)/Pods-TestAssessment-checkManifestLockResult.txt",
			);
			runOnlyForDeploymentPostprocessing = 0;
			shellPath = /bin/sh;
			shellScript = "diff \"${PODS_PODFILE_DIR_PATH}/Podfile.lock\" \"${PODS_ROOT}/Manifest.lock\" > /dev/null\nif [ $? != 0 ] ; then\n    # print error to STDERR\n    echo \"error: The sandbox is not in sync with the Podfile.lock. Run 'pod install' or update your CocoaPods installation.\" >&2\n    exit 1\nfi\n# This output is used by Xcode 'outputs' to avoid re-running this script phase.\necho \"SUCCESS\" > \"${SCRIPT_OUTPUT_FILE_0}\"\n";
			showEnvVarsInLog = 0;
		};
		5BE7F158677424ACED1664CC /* [CP] Embed Pods Frameworks */ = {
			isa = PBXShellScriptBuildPhase;
			buildActionMask = 2147483647;
			files = (
			);
			inputPaths = (
				"${SRCROOT}/Pods/Target Support Files/Pods-TestAssessment/Pods-TestAssessment-frameworks.sh",
				"${BUILT_PRODUCTS_DIR}/Masonry/Masonry.framework",
				"${BUILT_PRODUCTS_DIR}/SDWebImage/SDWebImage.framework",
			);
			name = "[CP] Embed Pods Frameworks";
			outputPaths = (
				"${TARGET_BUILD_DIR}/${FRAMEWORKS_FOLDER_PATH}/Masonry.framework",
				"${TARGET_BUILD_DIR}/${FRAMEWORKS_FOLDER_PATH}/SDWebImage.framework",
			);
			runOnlyForDeploymentPostprocessing = 0;
			shellPath = /bin/sh;
			shellScript = "\"${SRCROOT}/Pods/Target Support Files/Pods-TestAssessment/Pods-TestAssessment-frameworks.sh\"\n";
			showEnvVarsInLog = 0;
		};
		EF021959B9A333CF5B96710A /* [CP] Check Pods Manifest.lock */ = {
			isa = PBXShellScriptBuildPhase;
			buildActionMask = 2147483647;
			files = (
			);
			inputPaths = (
				"${PODS_PODFILE_DIR_PATH}/Podfile.lock",
				"${PODS_ROOT}/Manifest.lock",
			);
			name = "[CP] Check Pods Manifest.lock";
			outputPaths = (
				"$(DERIVED_FILE_DIR)/Pods-TestAssessmentUITests-checkManifestLockResult.txt",
			);
			runOnlyForDeploymentPostprocessing = 0;
			shellPath = /bin/sh;
			shellScript = "diff \"${PODS_PODFILE_DIR_PATH}/Podfile.lock\" \"${PODS_ROOT}/Manifest.lock\" > /dev/null\nif [ $? != 0 ] ; then\n    # print error to STDERR\n    echo \"error: The sandbox is not in sync with the Podfile.lock. Run 'pod install' or update your CocoaPods installation.\" >&2\n    exit 1\nfi\n# This output is used by Xcode 'outputs' to avoid re-running this script phase.\necho \"SUCCESS\" > \"${SCRIPT_OUTPUT_FILE_0}\"\n";
			showEnvVarsInLog = 0;
		};
/* End PBXShellScriptBuildPhase section */

/* Begin PBXSourcesBuildPhase section */
		184D77E220D8B848004CEA00 /* Sources */ = {
			isa = PBXSourcesBuildPhase;
			buildActionMask = 2147483647;
			files = (
				184D783220D8B8CF004CEA00 /* ListModel.swift in Sources */,
				184D782D20D8B8CF004CEA00 /* AppDelegate.swift in Sources */,
				184D783020D8B8CF004CEA00 /* ListTableViewCell.swift in Sources */,
				184D783420D8B8CF004CEA00 /* Reachability.swift in Sources */,
				184D783320D8B8CF004CEA00 /* APIClient.swift in Sources */,
				184D783820D8B8CF004CEA00 /* ListViewModel.swift in Sources */,
				184D783520D8B8CF004CEA00 /* Constants.swift in Sources */,
				184D783620D8B8CF004CEA00 /* ListTableViewController.swift in Sources */,
			);
			runOnlyForDeploymentPostprocessing = 0;
		};
		184D77F620D8B848004CEA00 /* Sources */ = {
			isa = PBXSourcesBuildPhase;
			buildActionMask = 2147483647;
			files = (
				184D77FF20D8B848004CEA00 /* TestAssessmentTests.swift in Sources */,
			);
			runOnlyForDeploymentPostprocessing = 0;
		};
		184D780120D8B848004CEA00 /* Sources */ = {
			isa = PBXSourcesBuildPhase;
			buildActionMask = 2147483647;
			files = (
				184D783920D8BC00004CEA00 /* Reachability.swift in Sources */,
				184D780A20D8B848004CEA00 /* TestAssessmentUITests.swift in Sources */,
			);
			runOnlyForDeploymentPostprocessing = 0;
		};
/* End PBXSourcesBuildPhase section */

/* Begin PBXTargetDependency section */
		184D77FC20D8B848004CEA00 /* PBXTargetDependency */ = {
			isa = PBXTargetDependency;
			target = 184D77E520D8B848004CEA00 /* TestAssessment */;
			targetProxy = 184D77FB20D8B848004CEA00 /* PBXContainerItemProxy */;
		};
		184D780720D8B848004CEA00 /* PBXTargetDependency */ = {
			isa = PBXTargetDependency;
			target = 184D77E520D8B848004CEA00 /* TestAssessment */;
			targetProxy = 184D780620D8B848004CEA00 /* PBXContainerItemProxy */;
		};
/* End PBXTargetDependency section */

/* Begin PBXVariantGroup section */
		184D781A20D8B8CF004CEA00 /* LaunchScreen.storyboard */ = {
			isa = PBXVariantGroup;
			children = (
				184D781B20D8B8CF004CEA00 /* Base */,
			);
			name = LaunchScreen.storyboard;
			sourceTree = "<group>";
		};
/* End PBXVariantGroup section */

/* Begin XCBuildConfiguration section */
		184D780C20D8B849004CEA00 /* Debug */ = {
			isa = XCBuildConfiguration;
			buildSettings = {
				ALWAYS_SEARCH_USER_PATHS = NO;
				CLANG_ANALYZER_NONNULL = YES;
				CLANG_ANALYZER_NUMBER_OBJECT_CONVERSION = YES_AGGRESSIVE;
				CLANG_CXX_LANGUAGE_STANDARD = "gnu++14";
				CLANG_CXX_LIBRARY = "libc++";
				CLANG_ENABLE_MODULES = YES;
				CLANG_ENABLE_OBJC_ARC = YES;
				CLANG_WARN_BLOCK_CAPTURE_AUTORELEASING = YES;
				CLANG_WARN_BOOL_CONVERSION = YES;
				CLANG_WARN_COMMA = YES;
				CLANG_WARN_CONSTANT_CONVERSION = YES;
				CLANG_WARN_DIRECT_OBJC_ISA_USAGE = YES_ERROR;
				CLANG_WARN_DOCUMENTATION_COMMENTS = YES;
				CLANG_WARN_EMPTY_BODY = YES;
				CLANG_WARN_ENUM_CONVERSION = YES;
				CLANG_WARN_INFINITE_RECURSION = YES;
				CLANG_WARN_INT_CONVERSION = YES;
				CLANG_WARN_NON_LITERAL_NULL_CONVERSION = YES;
				CLANG_WARN_OBJC_LITERAL_CONVERSION = YES;
				CLANG_WARN_OBJC_ROOT_CLASS = YES_ERROR;
				CLANG_WARN_RANGE_LOOP_ANALYSIS = YES;
				CLANG_WARN_STRICT_PROTOTYPES = YES;
				CLANG_WARN_SUSPICIOUS_MOVE = YES;
				CLANG_WARN_UNGUARDED_AVAILABILITY = YES_AGGRESSIVE;
				CLANG_WARN_UNREACHABLE_CODE = YES;
				CLANG_WARN__DUPLICATE_METHOD_MATCH = YES;
				CODE_SIGN_IDENTITY = "iPhone Developer";
				COPY_PHASE_STRIP = NO;
				DEBUG_INFORMATION_FORMAT = dwarf;
				ENABLE_STRICT_OBJC_MSGSEND = YES;
				ENABLE_TESTABILITY = YES;
				GCC_C_LANGUAGE_STANDARD = gnu11;
				GCC_DYNAMIC_NO_PIC = NO;
				GCC_NO_COMMON_BLOCKS = YES;
				GCC_OPTIMIZATION_LEVEL = 0;
				GCC_PREPROCESSOR_DEFINITIONS = (
					"DEBUG=1",
					"$(inherited)",
				);
				GCC_WARN_64_TO_32_BIT_CONVERSION = YES;
				GCC_WARN_ABOUT_RETURN_TYPE = YES_ERROR;
				GCC_WARN_UNDECLARED_SELECTOR = YES;
				GCC_WARN_UNINITIALIZED_AUTOS = YES_AGGRESSIVE;
				GCC_WARN_UNUSED_FUNCTION = YES;
				GCC_WARN_UNUSED_VARIABLE = YES;
				IPHONEOS_DEPLOYMENT_TARGET = 11.2;
				MTL_ENABLE_DEBUG_INFO = YES;
				ONLY_ACTIVE_ARCH = YES;
				SDKROOT = iphoneos;
				SWIFT_ACTIVE_COMPILATION_CONDITIONS = DEBUG;
				SWIFT_OPTIMIZATION_LEVEL = "-Onone";
			};
			name = Debug;
		};
		184D780D20D8B849004CEA00 /* Release */ = {
			isa = XCBuildConfiguration;
			buildSettings = {
				ALWAYS_SEARCH_USER_PATHS = NO;
				CLANG_ANALYZER_NONNULL = YES;
				CLANG_ANALYZER_NUMBER_OBJECT_CONVERSION = YES_AGGRESSIVE;
				CLANG_CXX_LANGUAGE_STANDARD = "gnu++14";
				CLANG_CXX_LIBRARY = "libc++";
				CLANG_ENABLE_MODULES = YES;
				CLANG_ENABLE_OBJC_ARC = YES;
				CLANG_WARN_BLOCK_CAPTURE_AUTORELEASING = YES;
				CLANG_WARN_BOOL_CONVERSION = YES;
				CLANG_WARN_COMMA = YES;
				CLANG_WARN_CONSTANT_CONVERSION = YES;
				CLANG_WARN_DIRECT_OBJC_ISA_USAGE = YES_ERROR;
				CLANG_WARN_DOCUMENTATION_COMMENTS = YES;
				CLANG_WARN_EMPTY_BODY = YES;
				CLANG_WARN_ENUM_CONVERSION = YES;
				CLANG_WARN_INFINITE_RECURSION = YES;
				CLANG_WARN_INT_CONVERSION = YES;
				CLANG_WARN_NON_LITERAL_NULL_CONVERSION = YES;
				CLANG_WARN_OBJC_LITERAL_CONVERSION = YES;
				CLANG_WARN_OBJC_ROOT_CLASS = YES_ERROR;
				CLANG_WARN_RANGE_LOOP_ANALYSIS = YES;
				CLANG_WARN_STRICT_PROTOTYPES = YES;
				CLANG_WARN_SUSPICIOUS_MOVE = YES;
				CLANG_WARN_UNGUARDED_AVAILABILITY = YES_AGGRESSIVE;
				CLANG_WARN_UNREACHABLE_CODE = YES;
				CLANG_WARN__DUPLICATE_METHOD_MATCH = YES;
				CODE_SIGN_IDENTITY = "iPhone Developer";
				COPY_PHASE_STRIP = NO;
				DEBUG_INFORMATION_FORMAT = "dwarf-with-dsym";
				ENABLE_NS_ASSERTIONS = NO;
				ENABLE_STRICT_OBJC_MSGSEND = YES;
				GCC_C_LANGUAGE_STANDARD = gnu11;
				GCC_NO_COMMON_BLOCKS = YES;
				GCC_WARN_64_TO_32_BIT_CONVERSION = YES;
				GCC_WARN_ABOUT_RETURN_TYPE = YES_ERROR;
				GCC_WARN_UNDECLARED_SELECTOR = YES;
				GCC_WARN_UNINITIALIZED_AUTOS = YES_AGGRESSIVE;
				GCC_WARN_UNUSED_FUNCTION = YES;
				GCC_WARN_UNUSED_VARIABLE = YES;
				IPHONEOS_DEPLOYMENT_TARGET = 11.2;
				MTL_ENABLE_DEBUG_INFO = NO;
				SDKROOT = iphoneos;
				SWIFT_OPTIMIZATION_LEVEL = "-Owholemodule";
				VALIDATE_PRODUCT = YES;
			};
			name = Release;
		};
		184D780F20D8B849004CEA00 /* Debug */ = {
			isa = XCBuildConfiguration;
			baseConfigurationReference = 105CE203487EF92A391BFBB0 /* Pods-TestAssessment.debug.xcconfig */;
			buildSettings = {
				ASSETCATALOG_COMPILER_APPICON_NAME = AppIcon;
				CODE_SIGN_STYLE = Automatic;
				INFOPLIST_FILE = TestAssessment/Info.plist;
				LD_RUNPATH_SEARCH_PATHS = "$(inherited) @executable_path/Frameworks";
				PRODUCT_BUNDLE_IDENTIFIER = com.company.app.TestAssessment;
				PRODUCT_NAME = "$(TARGET_NAME)";
				SWIFT_VERSION = 4.0;
				TARGETED_DEVICE_FAMILY = "1,2";
			};
			name = Debug;
		};
		184D781020D8B849004CEA00 /* Release */ = {
			isa = XCBuildConfiguration;
			baseConfigurationReference = 26724B1FAC5247576193A280 /* Pods-TestAssessment.release.xcconfig */;
			buildSettings = {
				ASSETCATALOG_COMPILER_APPICON_NAME = AppIcon;
				CODE_SIGN_STYLE = Automatic;
				INFOPLIST_FILE = TestAssessment/Info.plist;
				LD_RUNPATH_SEARCH_PATHS = "$(inherited) @executable_path/Frameworks";
				PRODUCT_BUNDLE_IDENTIFIER = com.company.app.TestAssessment;
				PRODUCT_NAME = "$(TARGET_NAME)";
				SWIFT_VERSION = 4.0;
				TARGETED_DEVICE_FAMILY = "1,2";
			};
			name = Release;
		};
		184D781220D8B849004CEA00 /* Debug */ = {
			isa = XCBuildConfiguration;
			baseConfigurationReference = BCB4CB3D2E238EC715307582 /* Pods-TestAssessmentTests.debug.xcconfig */;
			buildSettings = {
				ALWAYS_EMBED_SWIFT_STANDARD_LIBRARIES = YES;
				BUNDLE_LOADER = "$(TEST_HOST)";
				CODE_SIGN_STYLE = Automatic;
				INFOPLIST_FILE = TestAssessmentTests/Info.plist;
				LD_RUNPATH_SEARCH_PATHS = "$(inherited) @executable_path/Frameworks @loader_path/Frameworks";
				PRODUCT_BUNDLE_IDENTIFIER = com.company.app.TestAssessmentTests;
				PRODUCT_NAME = "$(TARGET_NAME)";
				SWIFT_VERSION = 4.0;
				TARGETED_DEVICE_FAMILY = "1,2";
				TEST_HOST = "$(BUILT_PRODUCTS_DIR)/TestAssessment.app/TestAssessment";
			};
			name = Debug;
		};
		184D781320D8B849004CEA00 /* Release */ = {
			isa = XCBuildConfiguration;
			baseConfigurationReference = DFCDC835B6DB5F33CF676243 /* Pods-TestAssessmentTests.release.xcconfig */;
			buildSettings = {
				ALWAYS_EMBED_SWIFT_STANDARD_LIBRARIES = YES;
				BUNDLE_LOADER = "$(TEST_HOST)";
				CODE_SIGN_STYLE = Automatic;
				INFOPLIST_FILE = TestAssessmentTests/Info.plist;
				LD_RUNPATH_SEARCH_PATHS = "$(inherited) @executable_path/Frameworks @loader_path/Frameworks";
				PRODUCT_BUNDLE_IDENTIFIER = com.company.app.TestAssessmentTests;
				PRODUCT_NAME = "$(TARGET_NAME)";
				SWIFT_VERSION = 4.0;
				TARGETED_DEVICE_FAMILY = "1,2";
				TEST_HOST = "$(BUILT_PRODUCTS_DIR)/TestAssessment.app/TestAssessment";
			};
			name = Release;
		};
		184D781520D8B849004CEA00 /* Debug */ = {
			isa = XCBuildConfiguration;
			baseConfigurationReference = DC465A846069E1200F66907F /* Pods-TestAssessmentUITests.debug.xcconfig */;
			buildSettings = {
				ALWAYS_EMBED_SWIFT_STANDARD_LIBRARIES = YES;
				CODE_SIGN_STYLE = Automatic;
				INFOPLIST_FILE = TestAssessmentUITests/Info.plist;
				LD_RUNPATH_SEARCH_PATHS = "$(inherited) @executable_path/Frameworks @loader_path/Frameworks";
				PRODUCT_BUNDLE_IDENTIFIER = com.company.app.TestAssessmentUITests;
				PRODUCT_NAME = "$(TARGET_NAME)";
				SWIFT_VERSION = 4.0;
				TARGETED_DEVICE_FAMILY = "1,2";
				TEST_TARGET_NAME = TestAssessment;
			};
			name = Debug;
		};
		184D781620D8B849004CEA00 /* Release */ = {
			isa = XCBuildConfiguration;
			baseConfigurationReference = 9E5052F06A3AA3698B809893 /* Pods-TestAssessmentUITests.release.xcconfig */;
			buildSettings = {
				ALWAYS_EMBED_SWIFT_STANDARD_LIBRARIES = YES;
				CODE_SIGN_STYLE = Automatic;
				INFOPLIST_FILE = TestAssessmentUITests/Info.plist;
				LD_RUNPATH_SEARCH_PATHS = "$(inherited) @executable_path/Frameworks @loader_path/Frameworks";
				PRODUCT_BUNDLE_IDENTIFIER = com.company.app.TestAssessmentUITests;
				PRODUCT_NAME = "$(TARGET_NAME)";
				SWIFT_VERSION = 4.0;
				TARGETED_DEVICE_FAMILY = "1,2";
				TEST_TARGET_NAME = TestAssessment;
			};
			name = Release;
		};
/* End XCBuildConfiguration section */

/* Begin XCConfigurationList section */
		184D77E120D8B848004CEA00 /* Build configuration list for PBXProject "TestAssessment" */ = {
			isa = XCConfigurationList;
			buildConfigurations = (
				184D780C20D8B849004CEA00 /* Debug */,
				184D780D20D8B849004CEA00 /* Release */,
			);
			defaultConfigurationIsVisible = 0;
			defaultConfigurationName = Release;
		};
		184D780E20D8B849004CEA00 /* Build configuration list for PBXNativeTarget "TestAssessment" */ = {
			isa = XCConfigurationList;
			buildConfigurations = (
				184D780F20D8B849004CEA00 /* Debug */,
				184D781020D8B849004CEA00 /* Release */,
			);
			defaultConfigurationIsVisible = 0;
			defaultConfigurationName = Release;
		};
		184D781120D8B849004CEA00 /* Build configuration list for PBXNativeTarget "TestAssessmentTests" */ = {
			isa = XCConfigurationList;
			buildConfigurations = (
				184D781220D8B849004CEA00 /* Debug */,
				184D781320D8B849004CEA00 /* Release */,
			);
			defaultConfigurationIsVisible = 0;
			defaultConfigurationName = Release;
		};
		184D781420D8B849004CEA00 /* Build configuration list for PBXNativeTarget "TestAssessmentUITests" */ = {
			isa = XCConfigurationList;
			buildConfigurations = (
				184D781520D8B849004CEA00 /* Debug */,
				184D781620D8B849004CEA00 /* Release */,
			);
			defaultConfigurationIsVisible = 0;
			defaultConfigurationName = Release;
		};
/* End XCConfigurationList section */
	};
	rootObject = 184D77DE20D8B848004CEA00 /* Project object */;
}
